{
  "name": "mymusic",
  "version": "1.0.0",
  "lockfileVersion": 2,
  "requires": true,
  "packages": {
    "": {
      "version": "1.0.0",
      "license": "ISC",
      "dependencies": {
        "axios": "^0.21.1",
        "moment": "^2.29.1",
        "pubsub-js": "^1.9.3"
      }
    },
    "node_modules/axios": {
      "version": "0.21.1",
      "resolved": "https://registry.nlark.com/axios/download/axios-0.21.1.tgz",
      "integrity": "sha1-IlY0gZYvTWvemnbVFu8OXTwJsrg=",
      "dependencies": {
        "follow-redirects": "^1.10.0"
      }
    },
    "node_modules/follow-redirects": {
      "version": "1.14.0",
      "resolved": "https://registry.nlark.com/follow-redirects/download/follow-redirects-1.14.0.tgz?cache=0&sync_timestamp=1619369228463&other_urls=https%3A%2F%2Fregistry.nlark.com%2Ffollow-redirects%2Fdownload%2Ffollow-redirects-1.14.0.tgz",
      "integrity": "sha1-9dJg+VxfjBBYlEkf7uXciZO0Av4=",
      "engines": {
        "node": ">=4.0"
      }
    },
    "node_modules/moment": {
      "version": "2.29.1",
      "resolved": "https://registry.npm.taobao.org/moment/download/moment-2.29.1.tgz",
      "integrity": "sha1-sr52n6MZQL6e7qZGnAdeNQBvo9M=",
      "engines": {
        "node": "*"
      }
    },
    "node_modules/pubsub-js": {
      "version": "1.9.3",
      "resolved": "https://registry.npm.taobao.org/pubsub-js/download/pubsub-js-1.9.3.tgz",
      "integrity": "sha1-Z07qTVaNBALgUnzbEOKqt7VWIdI="
    }
  },
  "dependencies": {
    "axios": {
      "version": "0.21.1",
      "resolved": "https://registry.nlark.com/axios/download/axios-0.21.1.tgz",
      "integrity": "sha1-IlY0gZYvTWvemnbVFu8OXTwJsrg=",
      "requires": {
        "follow-redirects": "^1.10.0"
      }
    },
    "follow-redirects": {
      "version": "1.14.0",
      "resolved": "https://registry.nlark.com/follow-redirects/download/follow-redirects-1.14.0.tgz?cache=0&sync_timestamp=1619369228463&other_urls=https%3A%2F%2Fregistry.nlark.com%2Ffollow-redirects%2Fdownload%2Ffollow-redirects-1.14.0.tgz",
      "integrity": "sha1-9dJg+VxfjBBYlEkf7uXciZO0Av4="
    },
    "moment": {
      "version": "2.29.1",
      "resolved": "https://registry.npm.taobao.org/moment/download/moment-2.29.1.tgz",
      "integrity": "sha1-sr52n6MZQL6e7qZGnAdeNQBvo9M="
    },
    "pubsub-js": {
      "version": "1.9.3",
      "resolved": "https://registry.npm.taobao.org/pubsub-js/download/pubsub-js-1.9.3.tgz",
      "integrity": "sha1-Z07qTVaNBALgUnzbEOKqt7VWIdI="
    }
  }
}
